{
    "_meta": {
        "hash": {
            "sha256": "2dd5c8fbe6c417db55a661a6ea8927b166cba987e2748c8c0ad3fa121d5ab48f"
        },
        "pipfile-spec": 6,
        "requires": {
            "python_version": "3.9"
        },
        "sources": [
            {
                "name": "pypi",
                "url": "https://pypi.org/simple",
                "verify_ssl": true
            }
        ]
    },
    "default": {
        "aiocsv": {
            "hashes": [
                "sha256:095dd7851200369eeb95624f1c2bbd0f6917eaed17d0b7b7d9b6a4edb733a7e6",
                "sha256:0c7e06bd0a159ea3171e6fd28f739a9aa1c8e07b1a6c731c8d7d09abe6c01286",
                "sha256:1c968ac5a9c9e5dd828a14b47b29f7761a5fbf9561fd529e82cf48dd9c8078ba",
                "sha256:1fa30dcee9f87099c4afdb2a3c7a16076fd87d57468e9410c4137e110dfbe8c9",
                "sha256:26bbb0d845eb00d95750c68a0467b1ecde8749be7ddef5102712af895791f19d",
                "sha256:3060c9f196a8e44b4b3758c0ef6fda2c710b4ac5965e8a6eff67739958c6ea1f",
                "sha256:65f0db9c2a943e303305d8e07bf5d558979e1478d6400a97d7b19574ecea5441",
                "sha256:666454afb2683c37de8d47bd607b1b7fc824ecf8bf760d5d1d79d9444d591054",
                "sha256:6b8ed455f2e25f0aa68dbe9cfe37426ea86d8c3047c16f33ef0a238b2a62cb41",
                "sha256:7e88c5a0e388acc71e506adb9bd0857195962d8dac16037285364f6c02789147",
                "sha256:8c038ebc30814bd2004c8f32a19074e8363435db4b9fcfac5d796644a971011d",
                "sha256:8ec7f5f8918412389cbe8f5a7b3ca06b688d3a16bf7958e9a05f25b3b10fb052",
                "sha256:9811ba6f74013b9969662f3ed3b99b435eaca35be0df84dde2fb8be9b046e621",
                "sha256:9c936e050c40ec648623917b89e1eb7dc7c1ca5ca65b927097427bf64e2d285b",
                "sha256:9d9ffb6f84933d7f6f3d09359e0179aafdf42997f0dd8ebf89cabc1ea18d21ad",
                "sha256:a969cc7bf4fd1cd7ee3939c0855696f57060e7f0ac962717e42968929b3113f0",
                "sha256:c0bf6c1583a921717891e6a8f3decf60375caef2e266fc890ba98c63a5b32412",
                "sha256:c29576ffbba421dcfff630bbf676e07763de66f88c738848224adca90fd9cfe1",
                "sha256:cd602882acec31fe7a74ad3ac619c82c8adc8fd192809da30e187e8cf1c49b01",
                "sha256:efe118970ff7ee04b0bcac50347ffbe693a8156d0187942c21e2381a3ec283e5",
                "sha256:fdd51c9e1b8772d9a2503c38b43098c9d223b7f6afac175dee79b6a85c7b7e23"
            ],
            "index": "pypi",
            "version": "==1.2.2"
        },
        "aiofiles": {
            "hashes": [
                "sha256:7a973fc22b29e9962d0897805ace5856e6a566ab1f0c8e5c91ff6c866519c937",
                "sha256:8334f23235248a3b2e83b2c3a78a22674f39969b96397126cc93664d9a901e59"
            ],
            "index": "pypi",
            "version": "==0.8.0"
        },
        "asyncpg": {
            "hashes": [
                "sha256:03f44926fa7ff7ccd59e98f05c7e227e9de15332a7da5bbcef3654bf468ee597",
                "sha256:050e339694f8c5d9aebcf326ca26f6622ef23963a6a3a4f97aeefc743954afd5",
                "sha256:0de408626cfc811ef04f372debfcdd5e4ab5aeb358f2ff14d1bdc246ed6272b5",
                "sha256:235205b60d4d014921f7b1cdca0e19669a9a8978f7606b3eb8237ca95f8e716e",
                "sha256:2ed3880b3aec8bda90548218fe0914d251d641f798382eda39a17abfc4910af0",
                "sha256:3ecbe8ed3af4c739addbfbd78f7752866cce2c4e9cc3f953556e4960349ae360",
                "sha256:49fc7220334cc31d14866a0b77a575d6a5945c0fa3bb67f17304e8b838e2a02b",
                "sha256:4b4051012ca75defa9a1dc6b78185ca58cdc3a247187eb76a6bcf55dfaa2fad4",
                "sha256:6d60f15a0ac18c54a6ca6507c28599c06e2e87a0901e7b548f15243d71905b18",
                "sha256:7129bd809990fd119e8b2b9982e80be7712bb6041cd082be3e415e60e5e2e98f",
                "sha256:77e684a24fee17ba3e487ca982d0259ed17bae1af68006f4cf284b23ba20ea2c",
                "sha256:838e4acd72da370ad07243898e886e93d3c0c9413f4444d600ba60a5cc206014",
                "sha256:868a71704262834065ca7113d80b1f679609e2df77d837747e3d92150dd5a39b",
                "sha256:8e1e79f0253cbd51fc43c4d0ce8804e46ee71f6c173fdc75606662ad18756b52",
                "sha256:9acb22a7b6bcca0d80982dce3d67f267d43e960544fb5dd934fd3abe20c48014",
                "sha256:a254d09a3a989cc1839ba2c34448b879cdd017b528a0cda142c92fbb6c13d957",
                "sha256:b0c3f39ebfac06848ba3f1e280cb1fada7cc1229538e3dad3146e8d1f9deb92a",
                "sha256:b1f7b173af649b85126429e11a628d01a5b75973d2a55d64dba19ad8f0e9f904",
                "sha256:d156e53b329e187e2dbfca8c28c999210045c45ef22a200b50de9b9e520c2694",
                "sha256:d96cf93e01df9fb03cef5f62346587805e6c0ca6f654c23b8d35315bdc69af59",
                "sha256:e550d8185f2c4725c1e8d3c555fe668b41bd092143012ddcc5343889e1c2a13d",
                "sha256:e5bd99ee7a00e87df97b804f178f31086e88c8106aca9703b1d7be5078999e68",
                "sha256:ede1a3a2c377fe12a3930f4b4dd5340e8b32929541d5db027a21816852723438",
                "sha256:efe056fd22fc6ed5c1ab353b6510808409566daac4e6f105e2043797f17b8dad",
                "sha256:f3ce7d8c0ab4639bbf872439eba86ef62dd030b245ad0e17c8c675d93d7a6b2d",
                "sha256:f92d501bf213b16fabad4fbb0061398d2bceae30ddc228e7314c28dcc6641b79"
            ],
            "index": "pypi",
            "version": "==0.26.0"
        },
        "psycopg2": {
            "hashes": [
                "sha256:06f32425949bd5fe8f625c49f17ebb9784e1e4fe928b7cce72edc36fb68e4c0c",
                "sha256:0762c27d018edbcb2d34d51596e4346c983bd27c330218c56c4dc25ef7e819bf",
                "sha256:083707a696e5e1c330af2508d8fab36f9700b26621ccbcb538abe22e15485362",
                "sha256:34b33e0162cfcaad151f249c2649fd1030010c16f4bbc40a604c1cb77173dcf7",
                "sha256:4295093a6ae3434d33ec6baab4ca5512a5082cc43c0505293087b8a46d108461",
                "sha256:8cf3878353cc04b053822896bc4922b194792df9df2f1ad8da01fb3043602126",
                "sha256:8e841d1bf3434da985cc5ef13e6f75c8981ced601fd70cc6bf33351b91562981",
                "sha256:9572e08b50aed176ef6d66f15a21d823bb6f6d23152d35e8451d7d2d18fdac56",
                "sha256:a81e3866f99382dfe8c15a151f1ca5fde5815fde879348fe5a9884a7c092a305",
                "sha256:cb10d44e6694d763fa1078a26f7f6137d69f555a78ec85dc2ef716c37447e4b2",
                "sha256:d3ca6421b942f60c008f81a3541e8faf6865a28d5a9b48544b0ee4f40cac7fca"
            ],
            "index": "pypi",
            "version": "==2.9.3"
        }
    },
    "develop": {}
}
